
Microsoft Visual Studio Solution File, Format Version 12.00
# Visual Studio Version 17
VisualStudioVersion = 17.9.34714.143
MinimumVisualStudioVersion = 10.0.40219.1
Project("{FAE04EC0-301F-11D3-BF4B-00C04F79EFBC}") = "DotNetContactsApp", "DotNetContactsApp\DotNetContactsApp.csproj", "{B50CB290-BC09-4F6B-8823-E97C6C22555D}"
EndProject
Global
	GlobalSection(SolutionConfigurationPlatforms) = preSolution
		Debug|Any CPU = Debug|Any CPU
		Release|Any CPU = Release|Any CPU
	EndGlobalSection
	GlobalSection(ProjectConfigurationPlatforms) = postSolution
		{B50CB290-BC09-4F6B-8823-E97C6C22555D}.Debug|Any CPU.ActiveCfg = Debug|Any CPU
		{B50CB290-BC09-4F6B-8823-E97C6C22555D}.Debug|Any CPU.Build.0 = Debug|Any CPU
		{B50CB290-BC09-4F6B-8823-E97C6C22555D}.Release|Any CPU.ActiveCfg = Release|Any CPU
		{B50CB290-BC09-4F6B-8823-E97C6C22555D}.Release|Any CPU.Build.0 = Release|Any CPU
	EndGlobalSection
	GlobalSection(SolutionProperties) = preSolution
		HideSolutionNode = FALSE
	EndGlobalSection
	GlobalSection(ExtensibilityGlobals) = postSolution
		SolutionGuid = {F3B2B61C-DFA5-4795-8AB7-99F003125DB0}
	EndGlobalSection
EndGlobal
